
Microsoft Visual Studio Solution File, Format Version 12.00
# Visual Studio Version 17
VisualStudioVersion = 17.1.32328.378
MinimumVisualStudioVersion = 10.0.40219.1
Project("{2150E333-8FDC-42A3-9474-1A3956D46DE8}") = "src", "src", "{2D2DF22D-D0CE-4606-9E05-C323A911E0D9}"
EndProject
Project("{2150E333-8FDC-42A3-9474-1A3956D46DE8}") = "tests", "tests", "{E9BEC824-50B2-4246-9250-636486A70721}"
EndProject
Project("{2150E333-8FDC-42A3-9474-1A3956D46DE8}") = ".github", ".github", "{C5B89AC1-B554-400E-AACA-CC33C2A3C789}"
EndProject
Project("{2150E333-8FDC-42A3-9474-1A3956D46DE8}") = ".sln", ".sln", "{4DF3D0C1-6269-4FD6-9B23-0D8405676159}"
	ProjectSection(SolutionItems) = preProject
		.all-contributorsrc = .all-contributorsrc
		.gitignore = .gitignore
		.gitmodules = .gitmodules
		AUTHORS.md = AUTHORS.md
		CODE_OF_CONDUCT.md = CODE_OF_CONDUCT.md
		CONTRIBUTING.md = CONTRIBUTING.md
		LICENSE = LICENSE
		README.md = README.md
	EndProjectSection
EndProject
Project("{9A19103F-16F7-4668-BE54-9A1E7A4F7556}") = "ErniAcademy.Events.Contracts", "src\ErniAcademy.Events.Contracts\ErniAcademy.Events.Contracts.csproj", "{678FC54C-2714-4A4C-926C-A6AF1B9A7F23}"
EndProject
Project("{9A19103F-16F7-4668-BE54-9A1E7A4F7556}") = "ErniAcademy.Events.ServiceBus", "src\ErniAcademy.Events.ServiceBus\ErniAcademy.Events.ServiceBus.csproj", "{E905C1CF-9145-4B44-BC7D-12980A96FCDC}"
EndProject
Project("{9A19103F-16F7-4668-BE54-9A1E7A4F7556}") = "ErniAcademy.Events.ServiceBus.UnitTests", "tests\ErniAcademy.Events.ServiceBus.UnitTests\ErniAcademy.Events.ServiceBus.UnitTests.csproj", "{387B1887-B555-4A9B-8558-75CBAB6919B6}"
EndProject
Project("{9A19103F-16F7-4668-BE54-9A1E7A4F7556}") = "ErniAcademy.Events.EventGrid", "src\ErniAcademy.Events.EventGrid\ErniAcademy.Events.EventGrid.csproj", "{269F60FD-041C-4BDF-9AAC-DBA4670ACBC2}"
EndProject
Project("{9A19103F-16F7-4668-BE54-9A1E7A4F7556}") = "ErniAcademy.Events.EventGrid.UnitTests", "tests\ErniAcademy.Events.EventGrid.UnitTests\ErniAcademy.Events.EventGrid.UnitTests.csproj", "{79083101-D4B3-4F73-94BA-9B4ED77A9A9D}"
EndProject
Project("{9A19103F-16F7-4668-BE54-9A1E7A4F7556}") = "ErniAcademy.Events.IntegrationTests", "tests\ErniAcademy.Events.IntegrationTests\ErniAcademy.Events.IntegrationTests.csproj", "{43494B8A-1375-49B2-A3C4-B0EC38649EF2}"
EndProject
Project("{2150E333-8FDC-42A3-9474-1A3956D46DE8}") = "workflows", "workflows", "{63180E75-1A65-4BD3-9A84-8575591599BD}"
	ProjectSection(SolutionItems) = preProject
		.github\workflows\nugetpush.yml = .github\workflows\nugetpush.yml
		.github\workflows\sonarcloud.yml = .github\workflows\sonarcloud.yml
	EndProjectSection
EndProject
Project("{2150E333-8FDC-42A3-9474-1A3956D46DE8}") = "assets-serializers-abstraction", "assets-serializers-abstraction", "{4D85CD0C-39D4-4702-9488-D40C469E15A8}"
EndProject
Project("{9A19103F-16F7-4668-BE54-9A1E7A4F7556}") = "ErniAcademy.Serializers.Contracts", "assets-serializers-abstraction\src\ErniAcademy.Serializers.Contracts\ErniAcademy.Serializers.Contracts.csproj", "{6CB5AC04-CB9A-4B4B-8554-5CEE6683036B}"
EndProject
Project("{9A19103F-16F7-4668-BE54-9A1E7A4F7556}") = "ErniAcademy.Serializers.Json", "assets-serializers-abstraction\src\ErniAcademy.Serializers.Json\ErniAcademy.Serializers.Json.csproj", "{472A26F2-0676-4329-BB2A-C472EAD0EA2E}"
EndProject
Project("{9A19103F-16F7-4668-BE54-9A1E7A4F7556}") = "ErniAcademy.Events.Contracts.UnitTests", "tests\ErniAcademy.Events.Contracts.UnitTests\ErniAcademy.Events.Contracts.UnitTests.csproj", "{182B66FF-5130-46C8-8BBD-378B0A535AA1}"
EndProject
Project("{9A19103F-16F7-4668-BE54-9A1E7A4F7556}") = "ErniAcademy.Events.Redis", "src\ErniAcademy.Events.Redis\ErniAcademy.Events.Redis.csproj", "{DE2FE582-3335-4BC7-870B-B2BCEB6F8E3D}"
EndProject
Project("{9A19103F-16F7-4668-BE54-9A1E7A4F7556}") = "ErniAcademy.Events.StorageQueues", "src\ErniAcademy.Events.StorageQueues\ErniAcademy.Events.StorageQueues.csproj", "{D2A3B2EB-31C7-4C42-8B10-880FDD5A7E06}"
EndProject
Project("{9A19103F-16F7-4668-BE54-9A1E7A4F7556}") = "ErniAcademy.Events.StorageQueues.UnitTests", "tests\ErniAcademy.Events.StorageQueues.UnitTests\ErniAcademy.Events.StorageQueues.UnitTests.csproj", "{DAF10578-B0A2-4604-BEEB-A7F01CE41553}"
EndProject
Project("{9A19103F-16F7-4668-BE54-9A1E7A4F7556}") = "ErniAcademy.Events.Redis.UnitTests", "tests\ErniAcademy.Events.Redis.UnitTests\ErniAcademy.Events.Redis.UnitTests.csproj", "{00757785-94D8-4F20-9855-D3A1B4992A17}"
EndProject
Project("{2150E333-8FDC-42A3-9474-1A3956D46DE8}") = ".samples", ".samples", "{4A389165-43F2-4D80-BA5D-6E09EEC27ABD}"
EndProject
Project("{FAE04EC0-301F-11D3-BF4B-00C04F79EFBC}") = "ErniAcademy.Events.Samples", "samples\ErniAcademy.Events.Samples\ErniAcademy.Events.Samples.csproj", "{AE143731-1888-45D3-B43D-7BCE4FF7FD72}"
EndProject
Global
	GlobalSection(SolutionConfigurationPlatforms) = preSolution
		Debug|Any CPU = Debug|Any CPU
		Release|Any CPU = Release|Any CPU
	EndGlobalSection
	GlobalSection(ProjectConfigurationPlatforms) = postSolution
		{678FC54C-2714-4A4C-926C-A6AF1B9A7F23}.Debug|Any CPU.ActiveCfg = Debug|Any CPU
		{678FC54C-2714-4A4C-926C-A6AF1B9A7F23}.Debug|Any CPU.Build.0 = Debug|Any CPU
		{678FC54C-2714-4A4C-926C-A6AF1B9A7F23}.Release|Any CPU.ActiveCfg = Release|Any CPU
		{678FC54C-2714-4A4C-926C-A6AF1B9A7F23}.Release|Any CPU.Build.0 = Release|Any CPU
		{E905C1CF-9145-4B44-BC7D-12980A96FCDC}.Debug|Any CPU.ActiveCfg = Debug|Any CPU
		{E905C1CF-9145-4B44-BC7D-12980A96FCDC}.Debug|Any CPU.Build.0 = Debug|Any CPU
		{E905C1CF-9145-4B44-BC7D-12980A96FCDC}.Release|Any CPU.ActiveCfg = Release|Any CPU
		{E905C1CF-9145-4B44-BC7D-12980A96FCDC}.Release|Any CPU.Build.0 = Release|Any CPU
		{387B1887-B555-4A9B-8558-75CBAB6919B6}.Debug|Any CPU.ActiveCfg = Debug|Any CPU
		{387B1887-B555-4A9B-8558-75CBAB6919B6}.Debug|Any CPU.Build.0 = Debug|Any CPU
		{387B1887-B555-4A9B-8558-75CBAB6919B6}.Release|Any CPU.ActiveCfg = Release|Any CPU
		{387B1887-B555-4A9B-8558-75CBAB6919B6}.Release|Any CPU.Build.0 = Release|Any CPU
		{269F60FD-041C-4BDF-9AAC-DBA4670ACBC2}.Debug|Any CPU.ActiveCfg = Debug|Any CPU
		{269F60FD-041C-4BDF-9AAC-DBA4670ACBC2}.Debug|Any CPU.Build.0 = Debug|Any CPU
		{269F60FD-041C-4BDF-9AAC-DBA4670ACBC2}.Release|Any CPU.ActiveCfg = Release|Any CPU
		{269F60FD-041C-4BDF-9AAC-DBA4670ACBC2}.Release|Any CPU.Build.0 = Release|Any CPU
		{79083101-D4B3-4F73-94BA-9B4ED77A9A9D}.Debug|Any CPU.ActiveCfg = Debug|Any CPU
		{79083101-D4B3-4F73-94BA-9B4ED77A9A9D}.Debug|Any CPU.Build.0 = Debug|Any CPU
		{79083101-D4B3-4F73-94BA-9B4ED77A9A9D}.Release|Any CPU.ActiveCfg = Release|Any CPU
		{79083101-D4B3-4F73-94BA-9B4ED77A9A9D}.Release|Any CPU.Build.0 = Release|Any CPU
		{43494B8A-1375-49B2-A3C4-B0EC38649EF2}.Debug|Any CPU.ActiveCfg = Debug|Any CPU
		{43494B8A-1375-49B2-A3C4-B0EC38649EF2}.Debug|Any CPU.Build.0 = Debug|Any CPU
		{43494B8A-1375-49B2-A3C4-B0EC38649EF2}.Release|Any CPU.ActiveCfg = Release|Any CPU
		{43494B8A-1375-49B2-A3C4-B0EC38649EF2}.Release|Any CPU.Build.0 = Release|Any CPU
		{6CB5AC04-CB9A-4B4B-8554-5CEE6683036B}.Debug|Any CPU.ActiveCfg = Debug|Any CPU
		{6CB5AC04-CB9A-4B4B-8554-5CEE6683036B}.Debug|Any CPU.Build.0 = Debug|Any CPU
		{6CB5AC04-CB9A-4B4B-8554-5CEE6683036B}.Release|Any CPU.ActiveCfg = Release|Any CPU
		{6CB5AC04-CB9A-4B4B-8554-5CEE6683036B}.Release|Any CPU.Build.0 = Release|Any CPU
		{472A26F2-0676-4329-BB2A-C472EAD0EA2E}.Debug|Any CPU.ActiveCfg = Debug|Any CPU
		{472A26F2-0676-4329-BB2A-C472EAD0EA2E}.Debug|Any CPU.Build.0 = Debug|Any CPU
		{472A26F2-0676-4329-BB2A-C472EAD0EA2E}.Release|Any CPU.ActiveCfg = Release|Any CPU
		{472A26F2-0676-4329-BB2A-C472EAD0EA2E}.Release|Any CPU.Build.0 = Release|Any CPU
		{182B66FF-5130-46C8-8BBD-378B0A535AA1}.Debug|Any CPU.ActiveCfg = Debug|Any CPU
		{182B66FF-5130-46C8-8BBD-378B0A535AA1}.Debug|Any CPU.Build.0 = Debug|Any CPU
		{182B66FF-5130-46C8-8BBD-378B0A535AA1}.Release|Any CPU.ActiveCfg = Release|Any CPU
		{182B66FF-5130-46C8-8BBD-378B0A535AA1}.Release|Any CPU.Build.0 = Release|Any CPU
		{DE2FE582-3335-4BC7-870B-B2BCEB6F8E3D}.Debug|Any CPU.ActiveCfg = Debug|Any CPU
		{DE2FE582-3335-4BC7-870B-B2BCEB6F8E3D}.Debug|Any CPU.Build.0 = Debug|Any CPU
		{DE2FE582-3335-4BC7-870B-B2BCEB6F8E3D}.Release|Any CPU.ActiveCfg = Release|Any CPU
		{DE2FE582-3335-4BC7-870B-B2BCEB6F8E3D}.Release|Any CPU.Build.0 = Release|Any CPU
		{D2A3B2EB-31C7-4C42-8B10-880FDD5A7E06}.Debug|Any CPU.ActiveCfg = Debug|Any CPU
		{D2A3B2EB-31C7-4C42-8B10-880FDD5A7E06}.Debug|Any CPU.Build.0 = Debug|Any CPU
		{D2A3B2EB-31C7-4C42-8B10-880FDD5A7E06}.Release|Any CPU.ActiveCfg = Release|Any CPU
		{D2A3B2EB-31C7-4C42-8B10-880FDD5A7E06}.Release|Any CPU.Build.0 = Release|Any CPU
		{DAF10578-B0A2-4604-BEEB-A7F01CE41553}.Debug|Any CPU.ActiveCfg = Debug|Any CPU
		{DAF10578-B0A2-4604-BEEB-A7F01CE41553}.Debug|Any CPU.Build.0 = Debug|Any CPU
		{DAF10578-B0A2-4604-BEEB-A7F01CE41553}.Release|Any CPU.ActiveCfg = Release|Any CPU
		{DAF10578-B0A2-4604-BEEB-A7F01CE41553}.Release|Any CPU.Build.0 = Release|Any CPU
		{00757785-94D8-4F20-9855-D3A1B4992A17}.Debug|Any CPU.ActiveCfg = Debug|Any CPU
		{00757785-94D8-4F20-9855-D3A1B4992A17}.Debug|Any CPU.Build.0 = Debug|Any CPU
		{00757785-94D8-4F20-9855-D3A1B4992A17}.Release|Any CPU.ActiveCfg = Release|Any CPU
		{00757785-94D8-4F20-9855-D3A1B4992A17}.Release|Any CPU.Build.0 = Release|Any CPU
		{AE143731-1888-45D3-B43D-7BCE4FF7FD72}.Debug|Any CPU.ActiveCfg = Debug|Any CPU
		{AE143731-1888-45D3-B43D-7BCE4FF7FD72}.Debug|Any CPU.Build.0 = Debug|Any CPU
		{AE143731-1888-45D3-B43D-7BCE4FF7FD72}.Release|Any CPU.ActiveCfg = Release|Any CPU
		{AE143731-1888-45D3-B43D-7BCE4FF7FD72}.Release|Any CPU.Build.0 = Release|Any CPU
	EndGlobalSection
	GlobalSection(SolutionProperties) = preSolution
		HideSolutionNode = FALSE
	EndGlobalSection
	GlobalSection(NestedProjects) = preSolution
		{678FC54C-2714-4A4C-926C-A6AF1B9A7F23} = {2D2DF22D-D0CE-4606-9E05-C323A911E0D9}
		{E905C1CF-9145-4B44-BC7D-12980A96FCDC} = {2D2DF22D-D0CE-4606-9E05-C323A911E0D9}
		{387B1887-B555-4A9B-8558-75CBAB6919B6} = {E9BEC824-50B2-4246-9250-636486A70721}
		{269F60FD-041C-4BDF-9AAC-DBA4670ACBC2} = {2D2DF22D-D0CE-4606-9E05-C323A911E0D9}
		{79083101-D4B3-4F73-94BA-9B4ED77A9A9D} = {E9BEC824-50B2-4246-9250-636486A70721}
		{43494B8A-1375-49B2-A3C4-B0EC38649EF2} = {E9BEC824-50B2-4246-9250-636486A70721}
		{63180E75-1A65-4BD3-9A84-8575591599BD} = {C5B89AC1-B554-400E-AACA-CC33C2A3C789}
		{6CB5AC04-CB9A-4B4B-8554-5CEE6683036B} = {4D85CD0C-39D4-4702-9488-D40C469E15A8}
		{472A26F2-0676-4329-BB2A-C472EAD0EA2E} = {4D85CD0C-39D4-4702-9488-D40C469E15A8}
		{182B66FF-5130-46C8-8BBD-378B0A535AA1} = {E9BEC824-50B2-4246-9250-636486A70721}
		{DE2FE582-3335-4BC7-870B-B2BCEB6F8E3D} = {2D2DF22D-D0CE-4606-9E05-C323A911E0D9}
		{D2A3B2EB-31C7-4C42-8B10-880FDD5A7E06} = {2D2DF22D-D0CE-4606-9E05-C323A911E0D9}
		{DAF10578-B0A2-4604-BEEB-A7F01CE41553} = {E9BEC824-50B2-4246-9250-636486A70721}
		{00757785-94D8-4F20-9855-D3A1B4992A17} = {E9BEC824-50B2-4246-9250-636486A70721}
		{AE143731-1888-45D3-B43D-7BCE4FF7FD72} = {4A389165-43F2-4D80-BA5D-6E09EEC27ABD}
	EndGlobalSection
	GlobalSection(ExtensibilityGlobals) = postSolution
		SolutionGuid = {A45AECB9-C582-41C2-B1B2-E1F1684488D5}
	EndGlobalSection
EndGlobal
